{
  "name": "@zwiftmap/browser-extension",
  "version": "1.2.0",
  "lockfileVersion": 3,
  "requires": true,
  "packages": {
    "": {
      "name": "@zwiftmap/browser-extension",
      "version": "1.2.0",
      "license": "MIT",
      "dependencies": {
        "zwift-data": "1.29.1"
      },
      "devDependencies": {
        "@types/adm-zip": "0.5.2",
        "@types/chrome": "0.0.246",
        "@types/leaflet": "1.9.5",
        "adm-zip": "0.5.10",
        "esbuild": "0.19.4"
      }
    },
    "node_modules/@esbuild/linux-x64": {
      "version": "0.19.4",
      "resolved": "https://registry.npmjs.org/@esbuild/linux-x64/-/linux-x64-0.19.4.tgz",
      "integrity": "sha512-Mi4aNA3rz1BNFtB7aGadMD0MavmzuuXNTaYL6/uiYIs08U7YMPETpgNn5oue3ICr+inKwItOwSsJDYkrE9ekVg==",
      "cpu": [
        "x64"
      ],
      "dev": true,
      "optional": true,
      "os": [
        "linux"
      ],
      "engines": {
        "node": ">=12"
      }
    },
    "node_modules/@types/adm-zip": {
      "version": "0.5.2",
      "resolved": "https://registry.npmjs.org/@types/adm-zip/-/adm-zip-0.5.2.tgz",
      "integrity": "sha512-33OTTnnW3onOE6HJuoqsi7T7Ojupz7zO/Vs5ddRNVCYQnu4lg05RqH/pr9eidHGvGyYfdO4uPO9cvegAMixBCQ==",
      "dev": true,
      "dependencies": {
        "@types/node": "*"
      }
    },
    "node_modules/@types/chrome": {
      "version": "0.0.246",
      "resolved": "https://registry.npmjs.org/@types/chrome/-/chrome-0.0.246.tgz",
      "integrity": "sha512-MxGxEomGxsJiL9xe/7ZwVgwdn8XVKWbPvxpVQl3nWOjrS0Ce63JsfzxUc4aU3GvRcUPYsfufHmJ17BFyKxeA4g==",
      "dev": true,
      "dependencies": {
        "@types/filesystem": "*",
        "@types/har-format": "*"
      }
    },
    "node_modules/@types/filesystem": {
      "version": "0.0.33",
      "resolved": "https://registry.npmjs.org/@types/filesystem/-/filesystem-0.0.33.tgz",
      "integrity": "sha512-2KedRPzwu2K528vFkoXnnWdsG0MtUwPjuA7pRy4vKxlxHEe8qUDZibYHXJKZZr2Cl/ELdCWYqyb/MKwsUuzBWw==",
      "dev": true,
      "dependencies": {
        "@types/filewriter": "*"
      }
    },
    "node_modules/@types/filewriter": {
      "version": "0.0.30",
      "resolved": "https://registry.npmjs.org/@types/filewriter/-/filewriter-0.0.30.tgz",
      "integrity": "sha512-lB98tui0uxc7erbj0serZfJlHKLNJHwBltPnbmO1WRpL5T325GOHRiQfr2E29V2q+S1brDO63Fpdt6vb3bES9Q==",
      "dev": true
    },
    "node_modules/@types/geojson": {
      "version": "7946.0.11",
      "resolved": "https://registry.npmjs.org/@types/geojson/-/geojson-7946.0.11.tgz",
      "integrity": "sha512-L7A0AINMXQpVwxHJ4jxD6/XjZ4NDufaRlUJHjNIFKYUFBH1SvOW+neaqb0VTRSLW5suSrSu19ObFEFnfNcr+qg==",
      "dev": true
    },
    "node_modules/@types/har-format": {
      "version": "1.2.13",
      "resolved": "https://registry.npmjs.org/@types/har-format/-/har-format-1.2.13.tgz",
      "integrity": "sha512-PwBsCBD3lDODn4xpje3Y1di0aDJp4Ww7aSfMRVw6ysnxD4I7Wmq2mBkSKaDtN403hqH5sp6c9xQUvFYY3+lkBg==",
      "dev": true
    },
    "node_modules/@types/leaflet": {
      "version": "1.9.5",
      "resolved": "https://registry.npmjs.org/@types/leaflet/-/leaflet-1.9.5.tgz",
      "integrity": "sha512-C+aD2/DueS+cVltMBPUHQPhgM99E3eXG4kw8/USIUxUxdqTiIGnifdDpnD/491CGsMzQ4bMvGtxUJBArFnhQSw==",
      "dev": true,
      "dependencies": {
        "@types/geojson": "*"
      }
    },
    "node_modules/@types/node": {
      "version": "20.8.3",
      "resolved": "https://registry.npmjs.org/@types/node/-/node-20.8.3.tgz",
      "integrity": "sha512-jxiZQFpb+NlH5kjW49vXxvxTjeeqlbsnTAdBTKpzEdPs9itay7MscYXz3Fo9VYFEsfQ6LJFitHad3faerLAjCw==",
      "dev": true
    },
    "node_modules/adm-zip": {
      "version": "0.5.10",
      "resolved": "https://registry.npmjs.org/adm-zip/-/adm-zip-0.5.10.tgz",
      "integrity": "sha512-x0HvcHqVJNTPk/Bw8JbLWlWoo6Wwnsug0fnYYro1HBrjxZ3G7/AZk7Ahv8JwDe1uIcz8eBqvu86FuF1POiG7vQ==",
      "dev": true,
      "engines": {
        "node": ">=6.0"
      }
    },
    "node_modules/esbuild": {
      "version": "0.19.4",
      "resolved": "https://registry.npmjs.org/esbuild/-/esbuild-0.19.4.tgz",
      "integrity": "sha512-x7jL0tbRRpv4QUyuDMjONtWFciygUxWaUM1kMX2zWxI0X2YWOt7MSA0g4UdeSiHM8fcYVzpQhKYOycZwxTdZkA==",
      "dev": true,
      "hasInstallScript": true,
      "bin": {
        "esbuild": "bin/esbuild"
      },
      "engines": {
        "node": ">=12"
      },
      "optionalDependencies": {
        "@esbuild/android-arm": "0.19.4",
        "@esbuild/android-arm64": "0.19.4",
        "@esbuild/android-x64": "0.19.4",
        "@esbuild/darwin-arm64": "0.19.4",
        "@esbuild/darwin-x64": "0.19.4",
        "@esbuild/freebsd-arm64": "0.19.4",
        "@esbuild/freebsd-x64": "0.19.4",
        "@esbuild/linux-arm": "0.19.4",
        "@esbuild/linux-arm64": "0.19.4",
        "@esbuild/linux-ia32": "0.19.4",
        "@esbuild/linux-loong64": "0.19.4",
        "@esbuild/linux-mips64el": "0.19.4",
        "@esbuild/linux-ppc64": "0.19.4",
        "@esbuild/linux-riscv64": "0.19.4",
        "@esbuild/linux-s390x": "0.19.4",
        "@esbuild/linux-x64": "0.19.4",
        "@esbuild/netbsd-x64": "0.19.4",
        "@esbuild/openbsd-x64": "0.19.4",
        "@esbuild/sunos-x64": "0.19.4",
        "@esbuild/win32-arm64": "0.19.4",
        "@esbuild/win32-ia32": "0.19.4",
        "@esbuild/win32-x64": "0.19.4"
      }
    },
    "node_modules/zwift-data": {
      "version": "1.29.1",
      "resolved": "https://registry.npmjs.org/zwift-data/-/zwift-data-1.29.1.tgz",
      "integrity": "sha512-Xwu3YJPvoE9wD4lNk3YxwUACxIWC5fnNLhiPzY72yOZwEpsAD1bHtn8nt2CrzyeSHMtF6ti675XWBre1iSN80A=="
    }
  }
}
