{
  "name": "@zwiftmap/browser-extension",
  "version": "1.2.0",
  "lockfileVersion": 2,
  "requires": true,
  "packages": {
    "": {
      "name": "@zwiftmap/browser-extension",
      "version": "1.2.0",
      "license": "MIT",
      "dependencies": {
        "zwift-data": "1.23.0"
      },
      "devDependencies": {
        "@types/adm-zip": "0.5.0",
        "@types/chrome": "0.0.238",
        "@types/leaflet": "1.9.3",
        "adm-zip": "0.5.10",
        "esbuild": "0.18.8"
      }
    },
    "node_modules/@esbuild/android-arm": {
      "version": "0.18.8",
      "resolved": "https://registry.npmjs.org/@esbuild/android-arm/-/android-arm-0.18.8.tgz",
      "integrity": "sha512-xDncukyW2b/JU04AZJ6cSAp4FaoAMyxFFTgmmNEKbjn2MwThw/ekHwt3d84Nm0fJG2KqKBS3D6uGDo2jzDN/uQ==",
      "cpu": [
        "arm"
      ],
      "dev": true,
      "optional": true,
      "os": [
        "android"
      ],
      "engines": {
        "node": ">=12"
      }
    },
    "node_modules/@esbuild/android-arm64": {
      "version": "0.18.8",
      "resolved": "https://registry.npmjs.org/@esbuild/android-arm64/-/android-arm64-0.18.8.tgz",
      "integrity": "sha512-8N8gkGu8vBq/cRPs8DDQmdwmS097A+XRHC/ay6wJjSEdLV3onTnfIkzew+g86k5bcakbxsE7zynCIhG0IgCT5Q==",
      "cpu": [
        "arm64"
      ],
      "dev": true,
      "optional": true,
      "os": [
        "android"
      ],
      "engines": {
        "node": ">=12"
      }
    },
    "node_modules/@esbuild/android-x64": {
      "version": "0.18.8",
      "resolved": "https://registry.npmjs.org/@esbuild/android-x64/-/android-x64-0.18.8.tgz",
      "integrity": "sha512-vLTz/naWZMVY01T0B6gneUmm9RTYBlhRzjSCDuQCZURC1Lp3Fw2gP32ZFTtIaMBK+hfSJilnmgTPuUkCTH6CwA==",
      "cpu": [
        "x64"
      ],
      "dev": true,
      "optional": true,
      "os": [
        "android"
      ],
      "engines": {
        "node": ">=12"
      }
    },
    "node_modules/@esbuild/darwin-arm64": {
      "version": "0.18.8",
      "resolved": "https://registry.npmjs.org/@esbuild/darwin-arm64/-/darwin-arm64-0.18.8.tgz",
      "integrity": "sha512-14oQ5IgillH6K7j750ug0IUfy86ql1CrHx4uxRMlq0lH5NthxEH+QIgqIzUUyDJdw0lOodtr4L905Q9VYIG2+g==",
      "cpu": [
        "arm64"
      ],
      "dev": true,
      "optional": true,
      "os": [
        "darwin"
      ],
      "engines": {
        "node": ">=12"
      }
    },
    "node_modules/@esbuild/darwin-x64": {
      "version": "0.18.8",
      "resolved": "https://registry.npmjs.org/@esbuild/darwin-x64/-/darwin-x64-0.18.8.tgz",
      "integrity": "sha512-OyEf+21R32glxR+IJpPhBgcbxSbc7adPe4hYggu2mbjqAAjJJAaYoYjNeojyp+ZKY2ZRX3FimBbeExVoPdEDfg==",
      "cpu": [
        "x64"
      ],
      "dev": true,
      "optional": true,
      "os": [
        "darwin"
      ],
      "engines": {
        "node": ">=12"
      }
    },
    "node_modules/@esbuild/freebsd-arm64": {
      "version": "0.18.8",
      "resolved": "https://registry.npmjs.org/@esbuild/freebsd-arm64/-/freebsd-arm64-0.18.8.tgz",
      "integrity": "sha512-ur5cFSmlE5YPqD+5X9E32wJ2nBnz/Lk30QuAiotam0kx2e2f9+dgTarqaDhUKt+xJo+6OLhCpHAlogQ1TAvJrw==",
      "cpu": [
        "arm64"
      ],
      "dev": true,
      "optional": true,
      "os": [
        "freebsd"
      ],
      "engines": {
        "node": ">=12"
      }
    },
    "node_modules/@esbuild/freebsd-x64": {
      "version": "0.18.8",
      "resolved": "https://registry.npmjs.org/@esbuild/freebsd-x64/-/freebsd-x64-0.18.8.tgz",
      "integrity": "sha512-j0dgVXUyInggnvEgFGS7FXTQncRwAmHkgAy8YE52kOsozkimpapE3Kuuwb6MXbhnqLvJevaFgGSAlseDlkXAlg==",
      "cpu": [
        "x64"
      ],
      "dev": true,
      "optional": true,
      "os": [
        "freebsd"
      ],
      "engines": {
        "node": ">=12"
      }
    },
    "node_modules/@esbuild/linux-arm": {
      "version": "0.18.8",
      "resolved": "https://registry.npmjs.org/@esbuild/linux-arm/-/linux-arm-0.18.8.tgz",
      "integrity": "sha512-moCWasFnLWfVmZjux2wE1YRoJlQ36hlthVD/B+UTic3UgCZ5LvpHTeqnF037JL9zS1W6d+cB0hUwithdIyZ/1w==",
      "cpu": [
        "arm"
      ],
      "dev": true,
      "optional": true,
      "os": [
        "linux"
      ],
      "engines": {
        "node": ">=12"
      }
    },
    "node_modules/@esbuild/linux-arm64": {
      "version": "0.18.8",
      "resolved": "https://registry.npmjs.org/@esbuild/linux-arm64/-/linux-arm64-0.18.8.tgz",
      "integrity": "sha512-Xp8brdqVVSTiN3/GGEAkMN1V2VCUrt11lxqHopYsbAvIf2YAfaW02/NFlekMq7SaAVcReYqbO7LReaOLzHaxgw==",
      "cpu": [
        "arm64"
      ],
      "dev": true,
      "optional": true,
      "os": [
        "linux"
      ],
      "engines": {
        "node": ">=12"
      }
    },
    "node_modules/@esbuild/linux-ia32": {
      "version": "0.18.8",
      "resolved": "https://registry.npmjs.org/@esbuild/linux-ia32/-/linux-ia32-0.18.8.tgz",
      "integrity": "sha512-mUDNdkY8mr4kZrekGLwZBFpvVX1VJLpwYUsbKTM/w0h4xVgsupc440nlsUfyz8OKeE92ZdMUUG8wrdOeZaONiQ==",
      "cpu": [
        "ia32"
      ],
      "dev": true,
      "optional": true,
      "os": [
        "linux"
      ],
      "engines": {
        "node": ">=12"
      }
    },
    "node_modules/@esbuild/linux-loong64": {
      "version": "0.18.8",
      "resolved": "https://registry.npmjs.org/@esbuild/linux-loong64/-/linux-loong64-0.18.8.tgz",
      "integrity": "sha512-wuzn8pABeFielmccZjn44eyVFo9G5rThVT91QdxZ02H7Yxek623ODpZoauAWwdBDFfK1R25RtKkxCvzfeJ1akg==",
      "cpu": [
        "loong64"
      ],
      "dev": true,
      "optional": true,
      "os": [
        "linux"
      ],
      "engines": {
        "node": ">=12"
      }
    },
    "node_modules/@esbuild/linux-mips64el": {
      "version": "0.18.8",
      "resolved": "https://registry.npmjs.org/@esbuild/linux-mips64el/-/linux-mips64el-0.18.8.tgz",
      "integrity": "sha512-9vIq+bR1PYqTV0Ea38a9h/r2xAecC56eQemOBXyzM3jQ9Bo8f3Q9On7mpiDrXich1eQuo9nna0ZBcaIJxaO58g==",
      "cpu": [
        "mips64el"
      ],
      "dev": true,
      "optional": true,
      "os": [
        "linux"
      ],
      "engines": {
        "node": ">=12"
      }
    },
    "node_modules/@esbuild/linux-ppc64": {
      "version": "0.18.8",
      "resolved": "https://registry.npmjs.org/@esbuild/linux-ppc64/-/linux-ppc64-0.18.8.tgz",
      "integrity": "sha512-9AFk6CgYytoQ0/RMnmr1zlpTA88g9ksxk0gmo9apY+O8Yzmcjd+Dl9LUX9k89dLnyyLgkHl6uLg1tpEzpQS+yA==",
      "cpu": [
        "ppc64"
      ],
      "dev": true,
      "optional": true,
      "os": [
        "linux"
      ],
      "engines": {
        "node": ">=12"
      }
    },
    "node_modules/@esbuild/linux-riscv64": {
      "version": "0.18.8",
      "resolved": "https://registry.npmjs.org/@esbuild/linux-riscv64/-/linux-riscv64-0.18.8.tgz",
      "integrity": "sha512-AyuhgbWMSbYrgr3Qz8OT6C92PSbSh7X9ckSgz4xnZYUWrBkR6YaRTp5L7zgcouA/cSm1AiOQauHgQb+EOCNBVQ==",
      "cpu": [
        "riscv64"
      ],
      "dev": true,
      "optional": true,
      "os": [
        "linux"
      ],
      "engines": {
        "node": ">=12"
      }
    },
    "node_modules/@esbuild/linux-s390x": {
      "version": "0.18.8",
      "resolved": "https://registry.npmjs.org/@esbuild/linux-s390x/-/linux-s390x-0.18.8.tgz",
      "integrity": "sha512-XU3UTgyFx80B+kCD82kun9usGT1+3YILtGeGx+StNWGT8wjHYCc5ZTsh4g+58kDoGPezquGO+Kso5VSlX2GU2g==",
      "cpu": [
        "s390x"
      ],
      "dev": true,
      "optional": true,
      "os": [
        "linux"
      ],
      "engines": {
        "node": ">=12"
      }
    },
    "node_modules/@esbuild/linux-x64": {
      "version": "0.18.8",
      "resolved": "https://registry.npmjs.org/@esbuild/linux-x64/-/linux-x64-0.18.8.tgz",
      "integrity": "sha512-/zBMV9cAFYFVTiyf7zg4ubMSfH0BGn5IPD+XZT0m2cYhtlMQLRQlNDpkaz5UlAIZBnBTCpjsbnI8X73xP2Zgtw==",
      "cpu": [
        "x64"
      ],
      "dev": true,
      "optional": true,
      "os": [
        "linux"
      ],
      "engines": {
        "node": ">=12"
      }
    },
    "node_modules/@esbuild/netbsd-x64": {
      "version": "0.18.8",
      "resolved": "https://registry.npmjs.org/@esbuild/netbsd-x64/-/netbsd-x64-0.18.8.tgz",
      "integrity": "sha512-/Aqh6SoP6UpLrgdfgFzi1Von4D5OhnJEYZNdkZA0AREuwSBcZh6X5eUsSCiEszJaeOt/oOZOvSwNR7i2VjmDnA==",
      "cpu": [
        "x64"
      ],
      "dev": true,
      "optional": true,
      "os": [
        "netbsd"
      ],
      "engines": {
        "node": ">=12"
      }
    },
    "node_modules/@esbuild/openbsd-x64": {
      "version": "0.18.8",
      "resolved": "https://registry.npmjs.org/@esbuild/openbsd-x64/-/openbsd-x64-0.18.8.tgz",
      "integrity": "sha512-twRW7IQ4ar1BilPDFf/IpsQY77dU50IUKZxs7veZVo4rnQbOXw6FPl2rWVJcVx+I6dkGzmt/yM6YW6FBdqA3DA==",
      "cpu": [
        "x64"
      ],
      "dev": true,
      "optional": true,
      "os": [
        "openbsd"
      ],
      "engines": {
        "node": ">=12"
      }
    },
    "node_modules/@esbuild/sunos-x64": {
      "version": "0.18.8",
      "resolved": "https://registry.npmjs.org/@esbuild/sunos-x64/-/sunos-x64-0.18.8.tgz",
      "integrity": "sha512-DSgYAFzvRisJQPxtTsUTFJ/Kr1KYZxxrKGfHPMnW2f/0KxOdLwRKbzWeG8g15gSBcDuDCZXnuUSFyu3ZyqbCzA==",
      "cpu": [
        "x64"
      ],
      "dev": true,
      "optional": true,
      "os": [
        "sunos"
      ],
      "engines": {
        "node": ">=12"
      }
    },
    "node_modules/@esbuild/win32-arm64": {
      "version": "0.18.8",
      "resolved": "https://registry.npmjs.org/@esbuild/win32-arm64/-/win32-arm64-0.18.8.tgz",
      "integrity": "sha512-eWoYo48Hp1yWbe2SSnmMNqnVprNgKtp0mP+aUeX/Lkw3gcsgRju5Qj7psfpA8cR0ULeWkrhmaSS4mgj4wfo97A==",
      "cpu": [
        "arm64"
      ],
      "dev": true,
      "optional": true,
      "os": [
        "win32"
      ],
      "engines": {
        "node": ">=12"
      }
    },
    "node_modules/@esbuild/win32-ia32": {
      "version": "0.18.8",
      "resolved": "https://registry.npmjs.org/@esbuild/win32-ia32/-/win32-ia32-0.18.8.tgz",
      "integrity": "sha512-A5mph1zmf7eEbAKZYqRHUBkO5PRdSO0bjH4XMAnYCXfndk72uHzvMmTNS5ZZ1dVUb55P45MFBBlZyW7SsnXxXw==",
      "cpu": [
        "ia32"
      ],
      "dev": true,
      "optional": true,
      "os": [
        "win32"
      ],
      "engines": {
        "node": ">=12"
      }
    },
    "node_modules/@esbuild/win32-x64": {
      "version": "0.18.8",
      "resolved": "https://registry.npmjs.org/@esbuild/win32-x64/-/win32-x64-0.18.8.tgz",
      "integrity": "sha512-/NKlWmdR5oxLswW/pdMKF8qwwtC7zpeTWvWffXpqNZ4Nib6lmnU2L5ijfSvWy8vxWhwmfR/CXA7GzuRL5nRxow==",
      "cpu": [
        "x64"
      ],
      "dev": true,
      "optional": true,
      "os": [
        "win32"
      ],
      "engines": {
        "node": ">=12"
      }
    },
    "node_modules/@types/adm-zip": {
      "version": "0.5.0",
      "resolved": "https://registry.npmjs.org/@types/adm-zip/-/adm-zip-0.5.0.tgz",
      "integrity": "sha512-FCJBJq9ODsQZUNURo5ILAQueuA8WJhRvuihS3ke2iI25mJlfV2LK8jG2Qj2z2AWg8U0FtWWqBHVRetceLskSaw==",
      "dev": true,
      "dependencies": {
        "@types/node": "*"
      }
    },
    "node_modules/@types/chrome": {
      "version": "0.0.238",
      "resolved": "https://registry.npmjs.org/@types/chrome/-/chrome-0.0.238.tgz",
      "integrity": "sha512-WManYZwAkCjaBcJXV/Dj/UwGOUm1qFpqyasovWmqSlvbTWzjYFUUZW4IRnZsjxmu2r5VtNWWHexgFcHVFbWGuQ==",
      "dev": true,
      "dependencies": {
        "@types/filesystem": "*",
        "@types/har-format": "*"
      }
    },
    "node_modules/@types/filesystem": {
      "version": "0.0.32",
      "resolved": "https://registry.npmjs.org/@types/filesystem/-/filesystem-0.0.32.tgz",
      "integrity": "sha512-Yuf4jR5YYMR2DVgwuCiP11s0xuVRyPKmz8vo6HBY3CGdeMj8af93CFZX+T82+VD1+UqHOxTq31lO7MI7lepBtQ==",
      "dev": true,
      "dependencies": {
        "@types/filewriter": "*"
      }
    },
    "node_modules/@types/filewriter": {
      "version": "0.0.29",
      "resolved": "https://registry.npmjs.org/@types/filewriter/-/filewriter-0.0.29.tgz",
      "integrity": "sha512-BsPXH/irW0ht0Ji6iw/jJaK8Lj3FJemon2gvEqHKpCdDCeemHa+rI3WBGq5z7cDMZgoLjY40oninGxqk+8NzNQ==",
      "dev": true
    },
    "node_modules/@types/geojson": {
      "version": "7946.0.10",
      "resolved": "https://registry.npmjs.org/@types/geojson/-/geojson-7946.0.10.tgz",
      "integrity": "sha512-Nmh0K3iWQJzniTuPRcJn5hxXkfB1T1pgB89SBig5PlJQU5yocazeu4jATJlaA0GYFKWMqDdvYemoSnF2pXgLVA==",
      "dev": true
    },
    "node_modules/@types/har-format": {
      "version": "1.2.11",
      "resolved": "https://registry.npmjs.org/@types/har-format/-/har-format-1.2.11.tgz",
      "integrity": "sha512-T232/TneofqK30AD1LRrrf8KnjLvzrjWDp7eWST5KoiSzrBfRsLrWDPk4STQPW4NZG6v2MltnduBVmakbZOBIQ==",
      "dev": true
    },
    "node_modules/@types/leaflet": {
      "version": "1.9.3",
      "resolved": "https://registry.npmjs.org/@types/leaflet/-/leaflet-1.9.3.tgz",
      "integrity": "sha512-Caa1lYOgKVqDkDZVWkto2Z5JtVo09spEaUt2S69LiugbBpoqQu92HYFMGUbYezZbnBkyOxMNPXHSgRrRY5UyIA==",
      "dev": true,
      "dependencies": {
        "@types/geojson": "*"
      }
    },
    "node_modules/@types/node": {
      "version": "20.3.1",
      "resolved": "https://registry.npmjs.org/@types/node/-/node-20.3.1.tgz",
      "integrity": "sha512-EhcH/wvidPy1WeML3TtYFGR83UzjxeWRen9V402T8aUGYsCHOmfoisV3ZSg03gAFIbLq8TnWOJ0f4cALtnSEUg==",
      "dev": true
    },
    "node_modules/adm-zip": {
      "version": "0.5.10",
      "resolved": "https://registry.npmjs.org/adm-zip/-/adm-zip-0.5.10.tgz",
      "integrity": "sha512-x0HvcHqVJNTPk/Bw8JbLWlWoo6Wwnsug0fnYYro1HBrjxZ3G7/AZk7Ahv8JwDe1uIcz8eBqvu86FuF1POiG7vQ==",
      "dev": true,
      "engines": {
        "node": ">=6.0"
      }
    },
    "node_modules/esbuild": {
      "version": "0.18.8",
      "resolved": "https://registry.npmjs.org/esbuild/-/esbuild-0.18.8.tgz",
      "integrity": "sha512-3hJ4I81Wp1IT5z29FAlTAlbX+ElIqy4AuIf1GNcFjsRIfyO3linxmEVqoP865KTYT9BWosrCl081RM/35Z+scw==",
      "dev": true,
      "hasInstallScript": true,
      "bin": {
        "esbuild": "bin/esbuild"
      },
      "engines": {
        "node": ">=12"
      },
      "optionalDependencies": {
        "@esbuild/android-arm": "0.18.8",
        "@esbuild/android-arm64": "0.18.8",
        "@esbuild/android-x64": "0.18.8",
        "@esbuild/darwin-arm64": "0.18.8",
        "@esbuild/darwin-x64": "0.18.8",
        "@esbuild/freebsd-arm64": "0.18.8",
        "@esbuild/freebsd-x64": "0.18.8",
        "@esbuild/linux-arm": "0.18.8",
        "@esbuild/linux-arm64": "0.18.8",
        "@esbuild/linux-ia32": "0.18.8",
        "@esbuild/linux-loong64": "0.18.8",
        "@esbuild/linux-mips64el": "0.18.8",
        "@esbuild/linux-ppc64": "0.18.8",
        "@esbuild/linux-riscv64": "0.18.8",
        "@esbuild/linux-s390x": "0.18.8",
        "@esbuild/linux-x64": "0.18.8",
        "@esbuild/netbsd-x64": "0.18.8",
        "@esbuild/openbsd-x64": "0.18.8",
        "@esbuild/sunos-x64": "0.18.8",
        "@esbuild/win32-arm64": "0.18.8",
        "@esbuild/win32-ia32": "0.18.8",
        "@esbuild/win32-x64": "0.18.8"
      }
    },
    "node_modules/zwift-data": {
      "version": "1.23.0",
      "resolved": "https://registry.npmjs.org/zwift-data/-/zwift-data-1.23.0.tgz",
      "integrity": "sha512-MvqVgud/upqmwBKFvNqmv6sPeNR5AaHoNkTFvb9aj1zSDJsbrk4eX4C/28TjZgFlL56KJYrA3Ih3gu/gRTR3LA=="
    }
  },
  "dependencies": {
    "@esbuild/android-arm": {
      "version": "0.18.8",
      "resolved": "https://registry.npmjs.org/@esbuild/android-arm/-/android-arm-0.18.8.tgz",
      "integrity": "sha512-xDncukyW2b/JU04AZJ6cSAp4FaoAMyxFFTgmmNEKbjn2MwThw/ekHwt3d84Nm0fJG2KqKBS3D6uGDo2jzDN/uQ==",
      "dev": true,
      "optional": true
    },
    "@esbuild/android-arm64": {
      "version": "0.18.8",
      "resolved": "https://registry.npmjs.org/@esbuild/android-arm64/-/android-arm64-0.18.8.tgz",
      "integrity": "sha512-8N8gkGu8vBq/cRPs8DDQmdwmS097A+XRHC/ay6wJjSEdLV3onTnfIkzew+g86k5bcakbxsE7zynCIhG0IgCT5Q==",
      "dev": true,
      "optional": true
    },
    "@esbuild/android-x64": {
      "version": "0.18.8",
      "resolved": "https://registry.npmjs.org/@esbuild/android-x64/-/android-x64-0.18.8.tgz",
      "integrity": "sha512-vLTz/naWZMVY01T0B6gneUmm9RTYBlhRzjSCDuQCZURC1Lp3Fw2gP32ZFTtIaMBK+hfSJilnmgTPuUkCTH6CwA==",
      "dev": true,
      "optional": true
    },
    "@esbuild/darwin-arm64": {
      "version": "0.18.8",
      "resolved": "https://registry.npmjs.org/@esbuild/darwin-arm64/-/darwin-arm64-0.18.8.tgz",
      "integrity": "sha512-14oQ5IgillH6K7j750ug0IUfy86ql1CrHx4uxRMlq0lH5NthxEH+QIgqIzUUyDJdw0lOodtr4L905Q9VYIG2+g==",
      "dev": true,
      "optional": true
    },
    "@esbuild/darwin-x64": {
      "version": "0.18.8",
      "resolved": "https://registry.npmjs.org/@esbuild/darwin-x64/-/darwin-x64-0.18.8.tgz",
      "integrity": "sha512-OyEf+21R32glxR+IJpPhBgcbxSbc7adPe4hYggu2mbjqAAjJJAaYoYjNeojyp+ZKY2ZRX3FimBbeExVoPdEDfg==",
      "dev": true,
      "optional": true
    },
    "@esbuild/freebsd-arm64": {
      "version": "0.18.8",
      "resolved": "https://registry.npmjs.org/@esbuild/freebsd-arm64/-/freebsd-arm64-0.18.8.tgz",
      "integrity": "sha512-ur5cFSmlE5YPqD+5X9E32wJ2nBnz/Lk30QuAiotam0kx2e2f9+dgTarqaDhUKt+xJo+6OLhCpHAlogQ1TAvJrw==",
      "dev": true,
      "optional": true
    },
    "@esbuild/freebsd-x64": {
      "version": "0.18.8",
      "resolved": "https://registry.npmjs.org/@esbuild/freebsd-x64/-/freebsd-x64-0.18.8.tgz",
      "integrity": "sha512-j0dgVXUyInggnvEgFGS7FXTQncRwAmHkgAy8YE52kOsozkimpapE3Kuuwb6MXbhnqLvJevaFgGSAlseDlkXAlg==",
      "dev": true,
      "optional": true
    },
    "@esbuild/linux-arm": {
      "version": "0.18.8",
      "resolved": "https://registry.npmjs.org/@esbuild/linux-arm/-/linux-arm-0.18.8.tgz",
      "integrity": "sha512-moCWasFnLWfVmZjux2wE1YRoJlQ36hlthVD/B+UTic3UgCZ5LvpHTeqnF037JL9zS1W6d+cB0hUwithdIyZ/1w==",
      "dev": true,
      "optional": true
    },
    "@esbuild/linux-arm64": {
      "version": "0.18.8",
      "resolved": "https://registry.npmjs.org/@esbuild/linux-arm64/-/linux-arm64-0.18.8.tgz",
      "integrity": "sha512-Xp8brdqVVSTiN3/GGEAkMN1V2VCUrt11lxqHopYsbAvIf2YAfaW02/NFlekMq7SaAVcReYqbO7LReaOLzHaxgw==",
      "dev": true,
      "optional": true
    },
    "@esbuild/linux-ia32": {
      "version": "0.18.8",
      "resolved": "https://registry.npmjs.org/@esbuild/linux-ia32/-/linux-ia32-0.18.8.tgz",
      "integrity": "sha512-mUDNdkY8mr4kZrekGLwZBFpvVX1VJLpwYUsbKTM/w0h4xVgsupc440nlsUfyz8OKeE92ZdMUUG8wrdOeZaONiQ==",
      "dev": true,
      "optional": true
    },
    "@esbuild/linux-loong64": {
      "version": "0.18.8",
      "resolved": "https://registry.npmjs.org/@esbuild/linux-loong64/-/linux-loong64-0.18.8.tgz",
      "integrity": "sha512-wuzn8pABeFielmccZjn44eyVFo9G5rThVT91QdxZ02H7Yxek623ODpZoauAWwdBDFfK1R25RtKkxCvzfeJ1akg==",
      "dev": true,
      "optional": true
    },
    "@esbuild/linux-mips64el": {
      "version": "0.18.8",
      "resolved": "https://registry.npmjs.org/@esbuild/linux-mips64el/-/linux-mips64el-0.18.8.tgz",
      "integrity": "sha512-9vIq+bR1PYqTV0Ea38a9h/r2xAecC56eQemOBXyzM3jQ9Bo8f3Q9On7mpiDrXich1eQuo9nna0ZBcaIJxaO58g==",
      "dev": true,
      "optional": true
    },
    "@esbuild/linux-ppc64": {
      "version": "0.18.8",
      "resolved": "https://registry.npmjs.org/@esbuild/linux-ppc64/-/linux-ppc64-0.18.8.tgz",
      "integrity": "sha512-9AFk6CgYytoQ0/RMnmr1zlpTA88g9ksxk0gmo9apY+O8Yzmcjd+Dl9LUX9k89dLnyyLgkHl6uLg1tpEzpQS+yA==",
      "dev": true,
      "optional": true
    },
    "@esbuild/linux-riscv64": {
      "version": "0.18.8",
      "resolved": "https://registry.npmjs.org/@esbuild/linux-riscv64/-/linux-riscv64-0.18.8.tgz",
      "integrity": "sha512-AyuhgbWMSbYrgr3Qz8OT6C92PSbSh7X9ckSgz4xnZYUWrBkR6YaRTp5L7zgcouA/cSm1AiOQauHgQb+EOCNBVQ==",
      "dev": true,
      "optional": true
    },
    "@esbuild/linux-s390x": {
      "version": "0.18.8",
      "resolved": "https://registry.npmjs.org/@esbuild/linux-s390x/-/linux-s390x-0.18.8.tgz",
      "integrity": "sha512-XU3UTgyFx80B+kCD82kun9usGT1+3YILtGeGx+StNWGT8wjHYCc5ZTsh4g+58kDoGPezquGO+Kso5VSlX2GU2g==",
      "dev": true,
      "optional": true
    },
    "@esbuild/linux-x64": {
      "version": "0.18.8",
      "resolved": "https://registry.npmjs.org/@esbuild/linux-x64/-/linux-x64-0.18.8.tgz",
      "integrity": "sha512-/zBMV9cAFYFVTiyf7zg4ubMSfH0BGn5IPD+XZT0m2cYhtlMQLRQlNDpkaz5UlAIZBnBTCpjsbnI8X73xP2Zgtw==",
      "dev": true,
      "optional": true
    },
    "@esbuild/netbsd-x64": {
      "version": "0.18.8",
      "resolved": "https://registry.npmjs.org/@esbuild/netbsd-x64/-/netbsd-x64-0.18.8.tgz",
      "integrity": "sha512-/Aqh6SoP6UpLrgdfgFzi1Von4D5OhnJEYZNdkZA0AREuwSBcZh6X5eUsSCiEszJaeOt/oOZOvSwNR7i2VjmDnA==",
      "dev": true,
      "optional": true
    },
    "@esbuild/openbsd-x64": {
      "version": "0.18.8",
      "resolved": "https://registry.npmjs.org/@esbuild/openbsd-x64/-/openbsd-x64-0.18.8.tgz",
      "integrity": "sha512-twRW7IQ4ar1BilPDFf/IpsQY77dU50IUKZxs7veZVo4rnQbOXw6FPl2rWVJcVx+I6dkGzmt/yM6YW6FBdqA3DA==",
      "dev": true,
      "optional": true
    },
    "@esbuild/sunos-x64": {
      "version": "0.18.8",
      "resolved": "https://registry.npmjs.org/@esbuild/sunos-x64/-/sunos-x64-0.18.8.tgz",
      "integrity": "sha512-DSgYAFzvRisJQPxtTsUTFJ/Kr1KYZxxrKGfHPMnW2f/0KxOdLwRKbzWeG8g15gSBcDuDCZXnuUSFyu3ZyqbCzA==",
      "dev": true,
      "optional": true
    },
    "@esbuild/win32-arm64": {
      "version": "0.18.8",
      "resolved": "https://registry.npmjs.org/@esbuild/win32-arm64/-/win32-arm64-0.18.8.tgz",
      "integrity": "sha512-eWoYo48Hp1yWbe2SSnmMNqnVprNgKtp0mP+aUeX/Lkw3gcsgRju5Qj7psfpA8cR0ULeWkrhmaSS4mgj4wfo97A==",
      "dev": true,
      "optional": true
    },
    "@esbuild/win32-ia32": {
      "version": "0.18.8",
      "resolved": "https://registry.npmjs.org/@esbuild/win32-ia32/-/win32-ia32-0.18.8.tgz",
      "integrity": "sha512-A5mph1zmf7eEbAKZYqRHUBkO5PRdSO0bjH4XMAnYCXfndk72uHzvMmTNS5ZZ1dVUb55P45MFBBlZyW7SsnXxXw==",
      "dev": true,
      "optional": true
    },
    "@esbuild/win32-x64": {
      "version": "0.18.8",
      "resolved": "https://registry.npmjs.org/@esbuild/win32-x64/-/win32-x64-0.18.8.tgz",
      "integrity": "sha512-/NKlWmdR5oxLswW/pdMKF8qwwtC7zpeTWvWffXpqNZ4Nib6lmnU2L5ijfSvWy8vxWhwmfR/CXA7GzuRL5nRxow==",
      "dev": true,
      "optional": true
    },
    "@types/adm-zip": {
      "version": "0.5.0",
      "resolved": "https://registry.npmjs.org/@types/adm-zip/-/adm-zip-0.5.0.tgz",
      "integrity": "sha512-FCJBJq9ODsQZUNURo5ILAQueuA8WJhRvuihS3ke2iI25mJlfV2LK8jG2Qj2z2AWg8U0FtWWqBHVRetceLskSaw==",
      "dev": true,
      "requires": {
        "@types/node": "*"
      }
    },
    "@types/chrome": {
      "version": "0.0.238",
      "resolved": "https://registry.npmjs.org/@types/chrome/-/chrome-0.0.238.tgz",
      "integrity": "sha512-WManYZwAkCjaBcJXV/Dj/UwGOUm1qFpqyasovWmqSlvbTWzjYFUUZW4IRnZsjxmu2r5VtNWWHexgFcHVFbWGuQ==",
      "dev": true,
      "requires": {
        "@types/filesystem": "*",
        "@types/har-format": "*"
      }
    },
    "@types/filesystem": {
      "version": "0.0.32",
      "resolved": "https://registry.npmjs.org/@types/filesystem/-/filesystem-0.0.32.tgz",
      "integrity": "sha512-Yuf4jR5YYMR2DVgwuCiP11s0xuVRyPKmz8vo6HBY3CGdeMj8af93CFZX+T82+VD1+UqHOxTq31lO7MI7lepBtQ==",
      "dev": true,
      "requires": {
        "@types/filewriter": "*"
      }
    },
    "@types/filewriter": {
      "version": "0.0.29",
      "resolved": "https://registry.npmjs.org/@types/filewriter/-/filewriter-0.0.29.tgz",
      "integrity": "sha512-BsPXH/irW0ht0Ji6iw/jJaK8Lj3FJemon2gvEqHKpCdDCeemHa+rI3WBGq5z7cDMZgoLjY40oninGxqk+8NzNQ==",
      "dev": true
    },
    "@types/geojson": {
      "version": "7946.0.10",
      "resolved": "https://registry.npmjs.org/@types/geojson/-/geojson-7946.0.10.tgz",
      "integrity": "sha512-Nmh0K3iWQJzniTuPRcJn5hxXkfB1T1pgB89SBig5PlJQU5yocazeu4jATJlaA0GYFKWMqDdvYemoSnF2pXgLVA==",
      "dev": true
    },
    "@types/har-format": {
      "version": "1.2.11",
      "resolved": "https://registry.npmjs.org/@types/har-format/-/har-format-1.2.11.tgz",
      "integrity": "sha512-T232/TneofqK30AD1LRrrf8KnjLvzrjWDp7eWST5KoiSzrBfRsLrWDPk4STQPW4NZG6v2MltnduBVmakbZOBIQ==",
      "dev": true
    },
    "@types/leaflet": {
      "version": "1.9.3",
      "resolved": "https://registry.npmjs.org/@types/leaflet/-/leaflet-1.9.3.tgz",
      "integrity": "sha512-Caa1lYOgKVqDkDZVWkto2Z5JtVo09spEaUt2S69LiugbBpoqQu92HYFMGUbYezZbnBkyOxMNPXHSgRrRY5UyIA==",
      "dev": true,
      "requires": {
        "@types/geojson": "*"
      }
    },
    "@types/node": {
      "version": "20.3.1",
      "resolved": "https://registry.npmjs.org/@types/node/-/node-20.3.1.tgz",
      "integrity": "sha512-EhcH/wvidPy1WeML3TtYFGR83UzjxeWRen9V402T8aUGYsCHOmfoisV3ZSg03gAFIbLq8TnWOJ0f4cALtnSEUg==",
      "dev": true
    },
    "adm-zip": {
      "version": "0.5.10",
      "resolved": "https://registry.npmjs.org/adm-zip/-/adm-zip-0.5.10.tgz",
      "integrity": "sha512-x0HvcHqVJNTPk/Bw8JbLWlWoo6Wwnsug0fnYYro1HBrjxZ3G7/AZk7Ahv8JwDe1uIcz8eBqvu86FuF1POiG7vQ==",
      "dev": true
    },
    "esbuild": {
      "version": "0.18.8",
      "resolved": "https://registry.npmjs.org/esbuild/-/esbuild-0.18.8.tgz",
      "integrity": "sha512-3hJ4I81Wp1IT5z29FAlTAlbX+ElIqy4AuIf1GNcFjsRIfyO3linxmEVqoP865KTYT9BWosrCl081RM/35Z+scw==",
      "dev": true,
      "requires": {
        "@esbuild/android-arm": "0.18.8",
        "@esbuild/android-arm64": "0.18.8",
        "@esbuild/android-x64": "0.18.8",
        "@esbuild/darwin-arm64": "0.18.8",
        "@esbuild/darwin-x64": "0.18.8",
        "@esbuild/freebsd-arm64": "0.18.8",
        "@esbuild/freebsd-x64": "0.18.8",
        "@esbuild/linux-arm": "0.18.8",
        "@esbuild/linux-arm64": "0.18.8",
        "@esbuild/linux-ia32": "0.18.8",
        "@esbuild/linux-loong64": "0.18.8",
        "@esbuild/linux-mips64el": "0.18.8",
        "@esbuild/linux-ppc64": "0.18.8",
        "@esbuild/linux-riscv64": "0.18.8",
        "@esbuild/linux-s390x": "0.18.8",
        "@esbuild/linux-x64": "0.18.8",
        "@esbuild/netbsd-x64": "0.18.8",
        "@esbuild/openbsd-x64": "0.18.8",
        "@esbuild/sunos-x64": "0.18.8",
        "@esbuild/win32-arm64": "0.18.8",
        "@esbuild/win32-ia32": "0.18.8",
        "@esbuild/win32-x64": "0.18.8"
      }
    },
    "zwift-data": {
      "version": "1.23.0",
      "resolved": "https://registry.npmjs.org/zwift-data/-/zwift-data-1.23.0.tgz",
      "integrity": "sha512-MvqVgud/upqmwBKFvNqmv6sPeNR5AaHoNkTFvb9aj1zSDJsbrk4eX4C/28TjZgFlL56KJYrA3Ih3gu/gRTR3LA=="
    }
  }
}
